dav1d:
  version: 1.4.1
  url: https://code.videolan.org/videolan/dav1d/-/archive/1.4.1/dav1d-1.4.1.tar.bz2
  sha256: ab02c6c72c69b2b24726251f028b7cb57d5b3659eeec9f67f6cecb2322b127d8
ffmpeg:
  version: 6.1.1
  url: https://ffmpeg.org/releases/ffmpeg-6.1.1.tar.xz
  sha256: 8684f4b00f94b85461884c3719382f1261f0d9eb3d59640a1f4ac0873616f968
fftools-ffi:
  version: "106d5813"
  url: https://github.com/moffatman/fftools-ffi/archive/106d58138071eba66c7d814f6573029c712cd597.tar.gz
  sha256: 4577bb410978f5026270390aa65ebf0307250f3f5b0adf5353e060a5a3f4ee25
freetype:
  version: 2.13.2
  url: https://downloads.sourceforge.net/project/freetype/freetype2/2.13.2/freetype-2.13.2.tar.xz
  sha256: 12991c4e55c506dd7f9b765933e62fd2be2e06d421505d7950a132e4f1bb484d
fribidi:
  version: 1.0.13
  url: https://github.com/fribidi/fribidi/releases/download/v1.0.13/fribidi-1.0.13.tar.xz
  sha256: 7fa16c80c81bd622f7b198d31356da139cc318a63fc7761217af4130903f54a2
harfbuzz:
  version: 8.4.0
  url: https://github.com/harfbuzz/harfbuzz/archive/refs/tags/8.4.0.tar.gz
  sha256: 9f1ca089813b05944ad1ce8c7e018213026d35dc9bab480a21eb876838396556
libass:
  version: 0.17.1
  url: https://github.com/libass/libass/releases/download/0.17.1/libass-0.17.1.tar.xz
  sha256: f0da0bbfba476c16ae3e1cfd862256d30915911f7abaa1b16ce62ee653192784
libogg:
  version: 1.3.5
  url: https://github.com/xiph/ogg/releases/download/v1.3.5/libogg-1.3.5.tar.gz
  sha256: 0eb4b4b9420a0f51db142ba3f9c64b333f826532dc0f48c6410ae51f4799b664
libvorbis:
  version: 1.3.7
  url: https://github.com/xiph/vorbis/releases/download/v1.3.7/libvorbis-1.3.7.tar.gz
  sha256: 0e982409a9c3fc82ee06e08205b1355e5c6aa4c36bca58146ef399621b0ce5ab
libvpx:
  version: 1.13.0+1
  url: https://gitlab.freedesktop.org/gstreamer/meson-ports/libvpx/-/archive/90d26fac0d895969a82cd873ad36e39737104c44/libvpx-v1.13.0.tar.gz
  sha256: 4f872ad2709d17b848b3588231495e432c42b9263731b9121fa210a3c5a893ff
libx264:
  version: "a8b68ebf"
  url: https://code.videolan.org/videolan/x264/-/archive/a8b68ebfaa68621b5ac8907610d3335971839d52/libx264-a8b68ebfaa68621b5ac8907610d3335971839d52.tar.gz
  sha256: 164688b63f11a6e4f6d945057fc5c57d5eefb97973d0029fb0303744e10839ff
libxml2:
  version: 2.12.6
  url: https://download.gnome.org/sources/libxml2/2.12/libxml2-2.12.6.tar.xz
  sha256: 889c593a881a3db5fdd96cc9318c87df34eb648edfc458272ad46fd607353fbb
mbedtls:
  version: 3.5.2
  url: https://github.com/Mbed-TLS/mbedtls/archive/refs/tags/v3.5.2.tar.gz
  sha256: 35890edf1a2c7a7e29eac3118d43302c3e1173e0df0ebaf5db56126dabe5bb05
mpv:
  version: 0.36.0
  url: https://github.com/mpv-player/mpv/archive/refs/tags/v0.36.0.tar.gz
  sha256: 29abc44f8ebee013bb2f9fe14d80b30db19b534c679056e4851ceadf5a5e8bf6
pkg-config:
  version: 0.29.2
  url: https://pkgconfig.freedesktop.org/releases/pkg-config-0.29.2.tar.gz
  sha256: 6fc69c01688c9458a57eb9a1664c9aba372ccda420a02bf4429fe610e7e7d591
uchardet:
  version: 0.0.8
  url: https://www.freedesktop.org/software/uchardet/releases/uchardet-0.0.8.tar.xz
  sha256: e97a60cfc00a1c147a674b097bb1422abd9fa78a2d9ce3f3fdcc2e78a34ac5f0